
Microsoft Visual Studio Solution File, Format Version 12.00
# Visual Studio Version 16
VisualStudioVersion = 16.0.31911.196
MinimumVisualStudioVersion = 10.0.40219.1
Project("{FAE04EC0-301F-11D3-BF4B-00C04F79EFBC}") = "number guessing name", "number guessing name\number guessing name.csproj", "{51296A55-B429-48BE-BE28-80EEB7E1F05F}"
EndProject
Global
	GlobalSection(SolutionConfigurationPlatforms) = preSolution
		Debug|Any CPU = Debug|Any CPU
		Release|Any CPU = Release|Any CPU
	EndGlobalSection
	GlobalSection(ProjectConfigurationPlatforms) = postSolution
		{51296A55-B429-48BE-BE28-80EEB7E1F05F}.Debug|Any CPU.ActiveCfg = Debug|Any CPU
		{51296A55-B429-48BE-BE28-80EEB7E1F05F}.Debug|Any CPU.Build.0 = Debug|Any CPU
		{51296A55-B429-48BE-BE28-80EEB7E1F05F}.Release|Any CPU.ActiveCfg = Release|Any CPU
		{51296A55-B429-48BE-BE28-80EEB7E1F05F}.Release|Any CPU.Build.0 = Release|Any CPU
	EndGlobalSection
	GlobalSection(SolutionProperties) = preSolution
		HideSolutionNode = FALSE
	EndGlobalSection
	GlobalSection(ExtensibilityGlobals) = postSolution
		SolutionGuid = {C40135BE-4CF9-47EE-B92D-110364D6A329}
	EndGlobalSection
EndGlobal
